
Microsoft Visual Studio Solution File, Format Version 12.00
# Visual Studio Version 16
VisualStudioVersion = 16.0.31729.503
MinimumVisualStudioVersion = 10.0.40219.1
Project("{8BC9CEB8-8B4A-11D0-8D11-00A0C91BC942}") = "Poc", "Poc\Poc.vcxproj", "{F9C939D3-70CF-4592-80B5-38C699EE091D}"
	ProjectSection(ProjectDependencies) = postProject
		{32C1EE62-B74D-434A-A1F0-668707957C7C} = {32C1EE62-B74D-434A-A1F0-668707957C7C}
	EndProjectSection
EndProject
Project("{8BC9CEB8-8B4A-11D0-8D11-00A0C91BC942}") = "PocUserDll", "PocUserDll\PocUserDll.vcxproj", "{C31045CA-4801-4818-84FC-5B94A5497C41}"
EndProject
Project("{2150E333-8FDC-42A3-9474-1A3956D46DE8}") = "core", "core", "{0C952E0C-8D00-47DE-A7C9-F4C57FEF5C83}"
EndProject
Project("{2150E333-8FDC-42A3-9474-1A3956D46DE8}") = "user", "user", "{9C666615-B39C-4E98-BC48-7ADF9ECECDE4}"
EndProject
Project("{FAE04EC0-301F-11D3-BF4B-00C04F79EFBC}") = "PocUserPanel", "PocUserPanel\PocUserPanel.csproj", "{32C1EE62-B74D-434A-A1F0-668707957C7C}"
	ProjectSection(ProjectDependencies) = postProject
		{C31045CA-4801-4818-84FC-5B94A5497C41} = {C31045CA-4801-4818-84FC-5B94A5497C41}
	EndProjectSection
EndProject
Global
	GlobalSection(SolutionConfigurationPlatforms) = preSolution
		Debug|Any CPU = Debug|Any CPU
		Debug|ARM = Debug|ARM
		Debug|ARM64 = Debug|ARM64
		Debug|x64 = Debug|x64
		Debug|x86 = Debug|x86
		Release|Any CPU = Release|Any CPU
		Release|ARM = Release|ARM
		Release|ARM64 = Release|ARM64
		Release|x64 = Release|x64
		Release|x86 = Release|x86
	EndGlobalSection
	GlobalSection(ProjectConfigurationPlatforms) = postSolution
		{F9C939D3-70CF-4592-80B5-38C699EE091D}.Debug|Any CPU.ActiveCfg = Debug|Win32
		{F9C939D3-70CF-4592-80B5-38C699EE091D}.Debug|ARM.ActiveCfg = Debug|ARM
		{F9C939D3-70CF-4592-80B5-38C699EE091D}.Debug|ARM.Build.0 = Debug|ARM
		{F9C939D3-70CF-4592-80B5-38C699EE091D}.Debug|ARM.Deploy.0 = Debug|ARM
		{F9C939D3-70CF-4592-80B5-38C699EE091D}.Debug|ARM64.ActiveCfg = Debug|ARM64
		{F9C939D3-70CF-4592-80B5-38C699EE091D}.Debug|ARM64.Build.0 = Debug|ARM64
		{F9C939D3-70CF-4592-80B5-38C699EE091D}.Debug|ARM64.Deploy.0 = Debug|ARM64
		{F9C939D3-70CF-4592-80B5-38C699EE091D}.Debug|x64.ActiveCfg = Debug|x64
		{F9C939D3-70CF-4592-80B5-38C699EE091D}.Debug|x64.Build.0 = Debug|x64
		{F9C939D3-70CF-4592-80B5-38C699EE091D}.Debug|x64.Deploy.0 = Debug|x64
		{F9C939D3-70CF-4592-80B5-38C699EE091D}.Debug|x86.ActiveCfg = Debug|Win32
		{F9C939D3-70CF-4592-80B5-38C699EE091D}.Debug|x86.Build.0 = Debug|Win32
		{F9C939D3-70CF-4592-80B5-38C699EE091D}.Debug|x86.Deploy.0 = Debug|Win32
		{F9C939D3-70CF-4592-80B5-38C699EE091D}.Release|Any CPU.ActiveCfg = Release|Win32
		{F9C939D3-70CF-4592-80B5-38C699EE091D}.Release|ARM.ActiveCfg = Release|ARM
		{F9C939D3-70CF-4592-80B5-38C699EE091D}.Release|ARM.Build.0 = Release|ARM
		{F9C939D3-70CF-4592-80B5-38C699EE091D}.Release|ARM.Deploy.0 = Release|ARM
		{F9C939D3-70CF-4592-80B5-38C699EE091D}.Release|ARM64.ActiveCfg = Release|ARM64
		{F9C939D3-70CF-4592-80B5-38C699EE091D}.Release|ARM64.Build.0 = Release|ARM64
		{F9C939D3-70CF-4592-80B5-38C699EE091D}.Release|ARM64.Deploy.0 = Release|ARM64
		{F9C939D3-70CF-4592-80B5-38C699EE091D}.Release|x64.ActiveCfg = Release|x64
		{F9C939D3-70CF-4592-80B5-38C699EE091D}.Release|x64.Build.0 = Release|x64
		{F9C939D3-70CF-4592-80B5-38C699EE091D}.Release|x64.Deploy.0 = Release|x64
		{F9C939D3-70CF-4592-80B5-38C699EE091D}.Release|x86.ActiveCfg = Release|Win32
		{F9C939D3-70CF-4592-80B5-38C699EE091D}.Release|x86.Build.0 = Release|Win32
		{F9C939D3-70CF-4592-80B5-38C699EE091D}.Release|x86.Deploy.0 = Release|Win32
		{C31045CA-4801-4818-84FC-5B94A5497C41}.Debug|Any CPU.ActiveCfg = Debug|Win32
		{C31045CA-4801-4818-84FC-5B94A5497C41}.Debug|ARM.ActiveCfg = Debug|Win32
		{C31045CA-4801-4818-84FC-5B94A5497C41}.Debug|ARM64.ActiveCfg = Debug|Win32
		{C31045CA-4801-4818-84FC-5B94A5497C41}.Debug|x64.ActiveCfg = Debug|x64
		{C31045CA-4801-4818-84FC-5B94A5497C41}.Debug|x64.Build.0 = Debug|x64
		{C31045CA-4801-4818-84FC-5B94A5497C41}.Debug|x86.ActiveCfg = Debug|Win32
		{C31045CA-4801-4818-84FC-5B94A5497C41}.Debug|x86.Build.0 = Debug|Win32
		{C31045CA-4801-4818-84FC-5B94A5497C41}.Release|Any CPU.ActiveCfg = Release|Win32
		{C31045CA-4801-4818-84FC-5B94A5497C41}.Release|ARM.ActiveCfg = Release|Win32
		{C31045CA-4801-4818-84FC-5B94A5497C41}.Release|ARM64.ActiveCfg = Release|Win32
		{C31045CA-4801-4818-84FC-5B94A5497C41}.Release|x64.ActiveCfg = Release|x64
		{C31045CA-4801-4818-84FC-5B94A5497C41}.Release|x64.Build.0 = Release|x64
		{C31045CA-4801-4818-84FC-5B94A5497C41}.Release|x86.ActiveCfg = Release|Win32
		{C31045CA-4801-4818-84FC-5B94A5497C41}.Release|x86.Build.0 = Release|Win32
		{32C1EE62-B74D-434A-A1F0-668707957C7C}.Debug|Any CPU.ActiveCfg = Debug|Any CPU
		{32C1EE62-B74D-434A-A1F0-668707957C7C}.Debug|Any CPU.Build.0 = Debug|Any CPU
		{32C1EE62-B74D-434A-A1F0-668707957C7C}.Debug|ARM.ActiveCfg = Debug|Any CPU
		{32C1EE62-B74D-434A-A1F0-668707957C7C}.Debug|ARM.Build.0 = Debug|Any CPU
		{32C1EE62-B74D-434A-A1F0-668707957C7C}.Debug|ARM64.ActiveCfg = Debug|Any CPU
		{32C1EE62-B74D-434A-A1F0-668707957C7C}.Debug|ARM64.Build.0 = Debug|Any CPU
		{32C1EE62-B74D-434A-A1F0-668707957C7C}.Debug|x64.ActiveCfg = Debug|Any CPU
		{32C1EE62-B74D-434A-A1F0-668707957C7C}.Debug|x64.Build.0 = Debug|Any CPU
		{32C1EE62-B74D-434A-A1F0-668707957C7C}.Debug|x86.ActiveCfg = Debug|Any CPU
		{32C1EE62-B74D-434A-A1F0-668707957C7C}.Debug|x86.Build.0 = Debug|Any CPU
		{32C1EE62-B74D-434A-A1F0-668707957C7C}.Release|Any CPU.ActiveCfg = Release|Any CPU
		{32C1EE62-B74D-434A-A1F0-668707957C7C}.Release|Any CPU.Build.0 = Release|Any CPU
		{32C1EE62-B74D-434A-A1F0-668707957C7C}.Release|ARM.ActiveCfg = Release|Any CPU
		{32C1EE62-B74D-434A-A1F0-668707957C7C}.Release|ARM.Build.0 = Release|Any CPU
		{32C1EE62-B74D-434A-A1F0-668707957C7C}.Release|ARM64.ActiveCfg = Release|Any CPU
		{32C1EE62-B74D-434A-A1F0-668707957C7C}.Release|ARM64.Build.0 = Release|Any CPU
		{32C1EE62-B74D-434A-A1F0-668707957C7C}.Release|x64.ActiveCfg = Release|Any CPU
		{32C1EE62-B74D-434A-A1F0-668707957C7C}.Release|x64.Build.0 = Release|Any CPU
		{32C1EE62-B74D-434A-A1F0-668707957C7C}.Release|x86.ActiveCfg = Release|Any CPU
		{32C1EE62-B74D-434A-A1F0-668707957C7C}.Release|x86.Build.0 = Release|Any CPU
	EndGlobalSection
	GlobalSection(SolutionProperties) = preSolution
		HideSolutionNode = FALSE
	EndGlobalSection
	GlobalSection(NestedProjects) = preSolution
		{F9C939D3-70CF-4592-80B5-38C699EE091D} = {0C952E0C-8D00-47DE-A7C9-F4C57FEF5C83}
		{C31045CA-4801-4818-84FC-5B94A5497C41} = {9C666615-B39C-4E98-BC48-7ADF9ECECDE4}
		{32C1EE62-B74D-434A-A1F0-668707957C7C} = {9C666615-B39C-4E98-BC48-7ADF9ECECDE4}
	EndGlobalSection
	GlobalSection(ExtensibilityGlobals) = postSolution
		SolutionGuid = {EE96978B-B127-4E81-A0AC-42417543E15E}
	EndGlobalSection
EndGlobal
