
Microsoft Visual Studio Solution File, Format Version 12.00
# Visual Studio Version 16
VisualStudioVersion = 16.0.31729.503
MinimumVisualStudioVersion = 10.0.40219.1
Project("{8BC9CEB8-8B4A-11D0-8D11-00A0C91BC942}") = "Poc", "Poc\Poc.vcxproj", "{F9C939D3-70CF-4592-80B5-38C699EE091D}"
	ProjectSection(ProjectDependencies) = postProject
		{A61F1FE8-039A-44BB-A034-FEAB8A19A629} = {A61F1FE8-039A-44BB-A034-FEAB8A19A629}
	EndProjectSection
EndProject
Project("{8BC9CEB8-8B4A-11D0-8D11-00A0C91BC942}") = "PocUserDll", "PocUserDll\PocUserDll.vcxproj", "{C31045CA-4801-4818-84FC-5B94A5497C41}"
EndProject
Project("{8BC9CEB8-8B4A-11D0-8D11-00A0C91BC942}") = "PocUser", "PocUser\PocUser.vcxproj", "{A61F1FE8-039A-44BB-A034-FEAB8A19A629}"
	ProjectSection(ProjectDependencies) = postProject
		{C31045CA-4801-4818-84FC-5B94A5497C41} = {C31045CA-4801-4818-84FC-5B94A5497C41}
	EndProjectSection
EndProject
Global
	GlobalSection(SolutionConfigurationPlatforms) = preSolution
		amd64|ARM = amd64|ARM
		amd64|ARM64 = amd64|ARM64
		amd64|x64 = amd64|x64
		amd64|x86 = amd64|x86
		Debug|ARM = Debug|ARM
		Debug|ARM64 = Debug|ARM64
		Debug|x64 = Debug|x64
		Debug|x86 = Debug|x86
		Release|ARM = Release|ARM
		Release|ARM64 = Release|ARM64
		Release|x64 = Release|x64
		Release|x86 = Release|x86
		x86|ARM = x86|ARM
		x86|ARM64 = x86|ARM64
		x86|x64 = x86|x64
		x86|x86 = x86|x86
	EndGlobalSection
	GlobalSection(ProjectConfigurationPlatforms) = postSolution
		{F9C939D3-70CF-4592-80B5-38C699EE091D}.amd64|ARM.ActiveCfg = Debug|ARM
		{F9C939D3-70CF-4592-80B5-38C699EE091D}.amd64|ARM.Build.0 = Debug|ARM
		{F9C939D3-70CF-4592-80B5-38C699EE091D}.amd64|ARM.Deploy.0 = Debug|ARM
		{F9C939D3-70CF-4592-80B5-38C699EE091D}.amd64|ARM64.ActiveCfg = Debug|ARM64
		{F9C939D3-70CF-4592-80B5-38C699EE091D}.amd64|ARM64.Build.0 = Debug|ARM64
		{F9C939D3-70CF-4592-80B5-38C699EE091D}.amd64|ARM64.Deploy.0 = Debug|ARM64
		{F9C939D3-70CF-4592-80B5-38C699EE091D}.amd64|x64.ActiveCfg = Debug|x64
		{F9C939D3-70CF-4592-80B5-38C699EE091D}.amd64|x64.Build.0 = Debug|x64
		{F9C939D3-70CF-4592-80B5-38C699EE091D}.amd64|x64.Deploy.0 = Debug|x64
		{F9C939D3-70CF-4592-80B5-38C699EE091D}.amd64|x86.ActiveCfg = Debug|Win32
		{F9C939D3-70CF-4592-80B5-38C699EE091D}.amd64|x86.Build.0 = Debug|Win32
		{F9C939D3-70CF-4592-80B5-38C699EE091D}.amd64|x86.Deploy.0 = Debug|Win32
		{F9C939D3-70CF-4592-80B5-38C699EE091D}.Debug|ARM.ActiveCfg = Debug|ARM
		{F9C939D3-70CF-4592-80B5-38C699EE091D}.Debug|ARM.Build.0 = Debug|ARM
		{F9C939D3-70CF-4592-80B5-38C699EE091D}.Debug|ARM.Deploy.0 = Debug|ARM
		{F9C939D3-70CF-4592-80B5-38C699EE091D}.Debug|ARM64.ActiveCfg = Debug|ARM64
		{F9C939D3-70CF-4592-80B5-38C699EE091D}.Debug|ARM64.Build.0 = Debug|ARM64
		{F9C939D3-70CF-4592-80B5-38C699EE091D}.Debug|ARM64.Deploy.0 = Debug|ARM64
		{F9C939D3-70CF-4592-80B5-38C699EE091D}.Debug|x64.ActiveCfg = Debug|x64
		{F9C939D3-70CF-4592-80B5-38C699EE091D}.Debug|x64.Build.0 = Debug|x64
		{F9C939D3-70CF-4592-80B5-38C699EE091D}.Debug|x64.Deploy.0 = Debug|x64
		{F9C939D3-70CF-4592-80B5-38C699EE091D}.Debug|x86.ActiveCfg = Debug|Win32
		{F9C939D3-70CF-4592-80B5-38C699EE091D}.Debug|x86.Build.0 = Debug|Win32
		{F9C939D3-70CF-4592-80B5-38C699EE091D}.Debug|x86.Deploy.0 = Debug|Win32
		{F9C939D3-70CF-4592-80B5-38C699EE091D}.Release|ARM.ActiveCfg = Release|ARM
		{F9C939D3-70CF-4592-80B5-38C699EE091D}.Release|ARM.Build.0 = Release|ARM
		{F9C939D3-70CF-4592-80B5-38C699EE091D}.Release|ARM.Deploy.0 = Release|ARM
		{F9C939D3-70CF-4592-80B5-38C699EE091D}.Release|ARM64.ActiveCfg = Release|ARM64
		{F9C939D3-70CF-4592-80B5-38C699EE091D}.Release|ARM64.Build.0 = Release|ARM64
		{F9C939D3-70CF-4592-80B5-38C699EE091D}.Release|ARM64.Deploy.0 = Release|ARM64
		{F9C939D3-70CF-4592-80B5-38C699EE091D}.Release|x64.ActiveCfg = Release|x64
		{F9C939D3-70CF-4592-80B5-38C699EE091D}.Release|x64.Build.0 = Release|x64
		{F9C939D3-70CF-4592-80B5-38C699EE091D}.Release|x64.Deploy.0 = Release|x64
		{F9C939D3-70CF-4592-80B5-38C699EE091D}.Release|x86.ActiveCfg = Release|Win32
		{F9C939D3-70CF-4592-80B5-38C699EE091D}.Release|x86.Build.0 = Release|Win32
		{F9C939D3-70CF-4592-80B5-38C699EE091D}.Release|x86.Deploy.0 = Release|Win32
		{F9C939D3-70CF-4592-80B5-38C699EE091D}.x86|ARM.ActiveCfg = Debug|ARM
		{F9C939D3-70CF-4592-80B5-38C699EE091D}.x86|ARM.Build.0 = Debug|ARM
		{F9C939D3-70CF-4592-80B5-38C699EE091D}.x86|ARM.Deploy.0 = Debug|ARM
		{F9C939D3-70CF-4592-80B5-38C699EE091D}.x86|ARM64.ActiveCfg = Debug|ARM64
		{F9C939D3-70CF-4592-80B5-38C699EE091D}.x86|ARM64.Build.0 = Debug|ARM64
		{F9C939D3-70CF-4592-80B5-38C699EE091D}.x86|ARM64.Deploy.0 = Debug|ARM64
		{F9C939D3-70CF-4592-80B5-38C699EE091D}.x86|x64.ActiveCfg = Debug|x64
		{F9C939D3-70CF-4592-80B5-38C699EE091D}.x86|x64.Build.0 = Debug|x64
		{F9C939D3-70CF-4592-80B5-38C699EE091D}.x86|x64.Deploy.0 = Debug|x64
		{F9C939D3-70CF-4592-80B5-38C699EE091D}.x86|x86.ActiveCfg = Debug|Win32
		{F9C939D3-70CF-4592-80B5-38C699EE091D}.x86|x86.Build.0 = Debug|Win32
		{F9C939D3-70CF-4592-80B5-38C699EE091D}.x86|x86.Deploy.0 = Debug|Win32
		{C31045CA-4801-4818-84FC-5B94A5497C41}.amd64|ARM.ActiveCfg = Debug|Win32
		{C31045CA-4801-4818-84FC-5B94A5497C41}.amd64|ARM.Build.0 = Debug|Win32
		{C31045CA-4801-4818-84FC-5B94A5497C41}.amd64|ARM64.ActiveCfg = Debug|Win32
		{C31045CA-4801-4818-84FC-5B94A5497C41}.amd64|ARM64.Build.0 = Debug|Win32
		{C31045CA-4801-4818-84FC-5B94A5497C41}.amd64|x64.ActiveCfg = Debug|x64
		{C31045CA-4801-4818-84FC-5B94A5497C41}.amd64|x64.Build.0 = Debug|x64
		{C31045CA-4801-4818-84FC-5B94A5497C41}.amd64|x86.ActiveCfg = Debug|Win32
		{C31045CA-4801-4818-84FC-5B94A5497C41}.amd64|x86.Build.0 = Debug|Win32
		{C31045CA-4801-4818-84FC-5B94A5497C41}.Debug|ARM.ActiveCfg = Debug|Win32
		{C31045CA-4801-4818-84FC-5B94A5497C41}.Debug|ARM64.ActiveCfg = Debug|Win32
		{C31045CA-4801-4818-84FC-5B94A5497C41}.Debug|x64.ActiveCfg = Debug|x64
		{C31045CA-4801-4818-84FC-5B94A5497C41}.Debug|x64.Build.0 = Debug|x64
		{C31045CA-4801-4818-84FC-5B94A5497C41}.Debug|x86.ActiveCfg = Debug|Win32
		{C31045CA-4801-4818-84FC-5B94A5497C41}.Debug|x86.Build.0 = Debug|Win32
		{C31045CA-4801-4818-84FC-5B94A5497C41}.Release|ARM.ActiveCfg = Release|Win32
		{C31045CA-4801-4818-84FC-5B94A5497C41}.Release|ARM64.ActiveCfg = Release|Win32
		{C31045CA-4801-4818-84FC-5B94A5497C41}.Release|x64.ActiveCfg = Release|x64
		{C31045CA-4801-4818-84FC-5B94A5497C41}.Release|x64.Build.0 = Release|x64
		{C31045CA-4801-4818-84FC-5B94A5497C41}.Release|x86.ActiveCfg = Release|Win32
		{C31045CA-4801-4818-84FC-5B94A5497C41}.Release|x86.Build.0 = Release|Win32
		{C31045CA-4801-4818-84FC-5B94A5497C41}.x86|ARM.ActiveCfg = Debug|Win32
		{C31045CA-4801-4818-84FC-5B94A5497C41}.x86|ARM.Build.0 = Debug|Win32
		{C31045CA-4801-4818-84FC-5B94A5497C41}.x86|ARM64.ActiveCfg = Debug|Win32
		{C31045CA-4801-4818-84FC-5B94A5497C41}.x86|ARM64.Build.0 = Debug|Win32
		{C31045CA-4801-4818-84FC-5B94A5497C41}.x86|x64.ActiveCfg = Debug|x64
		{C31045CA-4801-4818-84FC-5B94A5497C41}.x86|x64.Build.0 = Debug|x64
		{C31045CA-4801-4818-84FC-5B94A5497C41}.x86|x86.ActiveCfg = Debug|Win32
		{C31045CA-4801-4818-84FC-5B94A5497C41}.x86|x86.Build.0 = Debug|Win32
		{A61F1FE8-039A-44BB-A034-FEAB8A19A629}.amd64|ARM.ActiveCfg = Debug|Win32
		{A61F1FE8-039A-44BB-A034-FEAB8A19A629}.amd64|ARM.Build.0 = Debug|Win32
		{A61F1FE8-039A-44BB-A034-FEAB8A19A629}.amd64|ARM64.ActiveCfg = Debug|Win32
		{A61F1FE8-039A-44BB-A034-FEAB8A19A629}.amd64|ARM64.Build.0 = Debug|Win32
		{A61F1FE8-039A-44BB-A034-FEAB8A19A629}.amd64|x64.ActiveCfg = Debug|x64
		{A61F1FE8-039A-44BB-A034-FEAB8A19A629}.amd64|x64.Build.0 = Debug|x64
		{A61F1FE8-039A-44BB-A034-FEAB8A19A629}.amd64|x86.ActiveCfg = Debug|Win32
		{A61F1FE8-039A-44BB-A034-FEAB8A19A629}.amd64|x86.Build.0 = Debug|Win32
		{A61F1FE8-039A-44BB-A034-FEAB8A19A629}.Debug|ARM.ActiveCfg = Debug|Win32
		{A61F1FE8-039A-44BB-A034-FEAB8A19A629}.Debug|ARM64.ActiveCfg = Debug|Win32
		{A61F1FE8-039A-44BB-A034-FEAB8A19A629}.Debug|x64.ActiveCfg = Debug|x64
		{A61F1FE8-039A-44BB-A034-FEAB8A19A629}.Debug|x64.Build.0 = Debug|x64
		{A61F1FE8-039A-44BB-A034-FEAB8A19A629}.Debug|x86.ActiveCfg = Debug|Win32
		{A61F1FE8-039A-44BB-A034-FEAB8A19A629}.Debug|x86.Build.0 = Debug|Win32
		{A61F1FE8-039A-44BB-A034-FEAB8A19A629}.Release|ARM.ActiveCfg = Release|Win32
		{A61F1FE8-039A-44BB-A034-FEAB8A19A629}.Release|ARM64.ActiveCfg = Release|Win32
		{A61F1FE8-039A-44BB-A034-FEAB8A19A629}.Release|x64.ActiveCfg = Release|x64
		{A61F1FE8-039A-44BB-A034-FEAB8A19A629}.Release|x64.Build.0 = Release|x64
		{A61F1FE8-039A-44BB-A034-FEAB8A19A629}.Release|x86.ActiveCfg = Release|Win32
		{A61F1FE8-039A-44BB-A034-FEAB8A19A629}.Release|x86.Build.0 = Release|Win32
		{A61F1FE8-039A-44BB-A034-FEAB8A19A629}.x86|ARM.ActiveCfg = Debug|Win32
		{A61F1FE8-039A-44BB-A034-FEAB8A19A629}.x86|ARM.Build.0 = Debug|Win32
		{A61F1FE8-039A-44BB-A034-FEAB8A19A629}.x86|ARM64.ActiveCfg = Debug|Win32
		{A61F1FE8-039A-44BB-A034-FEAB8A19A629}.x86|ARM64.Build.0 = Debug|Win32
		{A61F1FE8-039A-44BB-A034-FEAB8A19A629}.x86|x64.ActiveCfg = Debug|x64
		{A61F1FE8-039A-44BB-A034-FEAB8A19A629}.x86|x64.Build.0 = Debug|x64
		{A61F1FE8-039A-44BB-A034-FEAB8A19A629}.x86|x86.ActiveCfg = Debug|Win32
		{A61F1FE8-039A-44BB-A034-FEAB8A19A629}.x86|x86.Build.0 = Debug|Win32
	EndGlobalSection
	GlobalSection(SolutionProperties) = preSolution
		HideSolutionNode = FALSE
	EndGlobalSection
	GlobalSection(ExtensibilityGlobals) = postSolution
		SolutionGuid = {EE96978B-B127-4E81-A0AC-42417543E15E}
	EndGlobalSection
EndGlobal
