
Microsoft Visual Studio Solution File, Format Version 12.00
# Visual Studio Version 16
VisualStudioVersion = 16.0.31729.503
MinimumVisualStudioVersion = 10.0.40219.1
Project("{8BC9CEB8-8B4A-11D0-8D11-00A0C91BC942}") = "Poc", "Poc\Poc.vcxproj", "{F9C939D3-70CF-4592-80B5-38C699EE091D}"
	ProjectSection(ProjectDependencies) = postProject
		{CA140E39-BB9D-41C0-82EE-EBAA8D98161F} = {CA140E39-BB9D-41C0-82EE-EBAA8D98161F}
		{A61F1FE8-039A-44BB-A034-FEAB8A19A629} = {A61F1FE8-039A-44BB-A034-FEAB8A19A629}
	EndProjectSection
EndProject
Project("{8BC9CEB8-8B4A-11D0-8D11-00A0C91BC942}") = "PocUserDll", "PocUserDll\PocUserDll.vcxproj", "{C31045CA-4801-4818-84FC-5B94A5497C41}"
EndProject
Project("{8BC9CEB8-8B4A-11D0-8D11-00A0C91BC942}") = "PocUser", "PocUser\PocUser.vcxproj", "{A61F1FE8-039A-44BB-A034-FEAB8A19A629}"
	ProjectSection(ProjectDependencies) = postProject
		{C31045CA-4801-4818-84FC-5B94A5497C41} = {C31045CA-4801-4818-84FC-5B94A5497C41}
	EndProjectSection
EndProject
Project("{9A19103F-16F7-4668-BE54-9A1E7A4F7556}") = "PocUserPanel", "PocUserPanel\PocUserPanel.csproj", "{CA140E39-BB9D-41C0-82EE-EBAA8D98161F}"
	ProjectSection(ProjectDependencies) = postProject
		{C31045CA-4801-4818-84FC-5B94A5497C41} = {C31045CA-4801-4818-84FC-5B94A5497C41}
	EndProjectSection
EndProject
Project("{2150E333-8FDC-42A3-9474-1A3956D46DE8}") = "core", "core", "{0C952E0C-8D00-47DE-A7C9-F4C57FEF5C83}"
EndProject
Project("{2150E333-8FDC-42A3-9474-1A3956D46DE8}") = "user", "user", "{9C666615-B39C-4E98-BC48-7ADF9ECECDE4}"
EndProject
Global
	GlobalSection(SolutionConfigurationPlatforms) = preSolution
		amd64|Any CPU = amd64|Any CPU
		amd64|ARM = amd64|ARM
		amd64|ARM64 = amd64|ARM64
		amd64|x64 = amd64|x64
		amd64|x86 = amd64|x86
		Debug|Any CPU = Debug|Any CPU
		Debug|ARM = Debug|ARM
		Debug|ARM64 = Debug|ARM64
		Debug|x64 = Debug|x64
		Debug|x86 = Debug|x86
		Release|Any CPU = Release|Any CPU
		Release|ARM = Release|ARM
		Release|ARM64 = Release|ARM64
		Release|x64 = Release|x64
		Release|x86 = Release|x86
		x86|Any CPU = x86|Any CPU
		x86|ARM = x86|ARM
		x86|ARM64 = x86|ARM64
		x86|x64 = x86|x64
		x86|x86 = x86|x86
	EndGlobalSection
	GlobalSection(ProjectConfigurationPlatforms) = postSolution
		{F9C939D3-70CF-4592-80B5-38C699EE091D}.amd64|Any CPU.ActiveCfg = Release|Win32
		{F9C939D3-70CF-4592-80B5-38C699EE091D}.amd64|Any CPU.Build.0 = Release|Win32
		{F9C939D3-70CF-4592-80B5-38C699EE091D}.amd64|Any CPU.Deploy.0 = Release|Win32
		{F9C939D3-70CF-4592-80B5-38C699EE091D}.amd64|ARM.ActiveCfg = Debug|ARM
		{F9C939D3-70CF-4592-80B5-38C699EE091D}.amd64|ARM.Build.0 = Debug|ARM
		{F9C939D3-70CF-4592-80B5-38C699EE091D}.amd64|ARM.Deploy.0 = Debug|ARM
		{F9C939D3-70CF-4592-80B5-38C699EE091D}.amd64|ARM64.ActiveCfg = Debug|ARM64
		{F9C939D3-70CF-4592-80B5-38C699EE091D}.amd64|ARM64.Build.0 = Debug|ARM64
		{F9C939D3-70CF-4592-80B5-38C699EE091D}.amd64|ARM64.Deploy.0 = Debug|ARM64
		{F9C939D3-70CF-4592-80B5-38C699EE091D}.amd64|x64.ActiveCfg = Debug|x64
		{F9C939D3-70CF-4592-80B5-38C699EE091D}.amd64|x64.Build.0 = Debug|x64
		{F9C939D3-70CF-4592-80B5-38C699EE091D}.amd64|x64.Deploy.0 = Debug|x64
		{F9C939D3-70CF-4592-80B5-38C699EE091D}.amd64|x86.ActiveCfg = Debug|Win32
		{F9C939D3-70CF-4592-80B5-38C699EE091D}.amd64|x86.Build.0 = Debug|Win32
		{F9C939D3-70CF-4592-80B5-38C699EE091D}.amd64|x86.Deploy.0 = Debug|Win32
		{F9C939D3-70CF-4592-80B5-38C699EE091D}.Debug|Any CPU.ActiveCfg = Debug|Win32
		{F9C939D3-70CF-4592-80B5-38C699EE091D}.Debug|ARM.ActiveCfg = Debug|ARM
		{F9C939D3-70CF-4592-80B5-38C699EE091D}.Debug|ARM.Build.0 = Debug|ARM
		{F9C939D3-70CF-4592-80B5-38C699EE091D}.Debug|ARM.Deploy.0 = Debug|ARM
		{F9C939D3-70CF-4592-80B5-38C699EE091D}.Debug|ARM64.ActiveCfg = Debug|ARM64
		{F9C939D3-70CF-4592-80B5-38C699EE091D}.Debug|ARM64.Build.0 = Debug|ARM64
		{F9C939D3-70CF-4592-80B5-38C699EE091D}.Debug|ARM64.Deploy.0 = Debug|ARM64
		{F9C939D3-70CF-4592-80B5-38C699EE091D}.Debug|x64.ActiveCfg = Debug|x64
		{F9C939D3-70CF-4592-80B5-38C699EE091D}.Debug|x64.Build.0 = Debug|x64
		{F9C939D3-70CF-4592-80B5-38C699EE091D}.Debug|x64.Deploy.0 = Debug|x64
		{F9C939D3-70CF-4592-80B5-38C699EE091D}.Debug|x86.ActiveCfg = Debug|Win32
		{F9C939D3-70CF-4592-80B5-38C699EE091D}.Debug|x86.Build.0 = Debug|Win32
		{F9C939D3-70CF-4592-80B5-38C699EE091D}.Debug|x86.Deploy.0 = Debug|Win32
		{F9C939D3-70CF-4592-80B5-38C699EE091D}.Release|Any CPU.ActiveCfg = Release|Win32
		{F9C939D3-70CF-4592-80B5-38C699EE091D}.Release|ARM.ActiveCfg = Release|ARM
		{F9C939D3-70CF-4592-80B5-38C699EE091D}.Release|ARM.Build.0 = Release|ARM
		{F9C939D3-70CF-4592-80B5-38C699EE091D}.Release|ARM.Deploy.0 = Release|ARM
		{F9C939D3-70CF-4592-80B5-38C699EE091D}.Release|ARM64.ActiveCfg = Release|ARM64
		{F9C939D3-70CF-4592-80B5-38C699EE091D}.Release|ARM64.Build.0 = Release|ARM64
		{F9C939D3-70CF-4592-80B5-38C699EE091D}.Release|ARM64.Deploy.0 = Release|ARM64
		{F9C939D3-70CF-4592-80B5-38C699EE091D}.Release|x64.ActiveCfg = Release|x64
		{F9C939D3-70CF-4592-80B5-38C699EE091D}.Release|x64.Build.0 = Release|x64
		{F9C939D3-70CF-4592-80B5-38C699EE091D}.Release|x64.Deploy.0 = Release|x64
		{F9C939D3-70CF-4592-80B5-38C699EE091D}.Release|x86.ActiveCfg = Release|Win32
		{F9C939D3-70CF-4592-80B5-38C699EE091D}.Release|x86.Build.0 = Release|Win32
		{F9C939D3-70CF-4592-80B5-38C699EE091D}.Release|x86.Deploy.0 = Release|Win32
		{F9C939D3-70CF-4592-80B5-38C699EE091D}.x86|Any CPU.ActiveCfg = Release|Win32
		{F9C939D3-70CF-4592-80B5-38C699EE091D}.x86|Any CPU.Build.0 = Release|Win32
		{F9C939D3-70CF-4592-80B5-38C699EE091D}.x86|Any CPU.Deploy.0 = Release|Win32
		{F9C939D3-70CF-4592-80B5-38C699EE091D}.x86|ARM.ActiveCfg = Debug|ARM
		{F9C939D3-70CF-4592-80B5-38C699EE091D}.x86|ARM.Build.0 = Debug|ARM
		{F9C939D3-70CF-4592-80B5-38C699EE091D}.x86|ARM.Deploy.0 = Debug|ARM
		{F9C939D3-70CF-4592-80B5-38C699EE091D}.x86|ARM64.ActiveCfg = Debug|ARM64
		{F9C939D3-70CF-4592-80B5-38C699EE091D}.x86|ARM64.Build.0 = Debug|ARM64
		{F9C939D3-70CF-4592-80B5-38C699EE091D}.x86|ARM64.Deploy.0 = Debug|ARM64
		{F9C939D3-70CF-4592-80B5-38C699EE091D}.x86|x64.ActiveCfg = Debug|x64
		{F9C939D3-70CF-4592-80B5-38C699EE091D}.x86|x64.Build.0 = Debug|x64
		{F9C939D3-70CF-4592-80B5-38C699EE091D}.x86|x64.Deploy.0 = Debug|x64
		{F9C939D3-70CF-4592-80B5-38C699EE091D}.x86|x86.ActiveCfg = Debug|Win32
		{F9C939D3-70CF-4592-80B5-38C699EE091D}.x86|x86.Build.0 = Debug|Win32
		{F9C939D3-70CF-4592-80B5-38C699EE091D}.x86|x86.Deploy.0 = Debug|Win32
		{C31045CA-4801-4818-84FC-5B94A5497C41}.amd64|Any CPU.ActiveCfg = Release|x64
		{C31045CA-4801-4818-84FC-5B94A5497C41}.amd64|Any CPU.Build.0 = Release|x64
		{C31045CA-4801-4818-84FC-5B94A5497C41}.amd64|ARM.ActiveCfg = Debug|Win32
		{C31045CA-4801-4818-84FC-5B94A5497C41}.amd64|ARM.Build.0 = Debug|Win32
		{C31045CA-4801-4818-84FC-5B94A5497C41}.amd64|ARM64.ActiveCfg = Debug|Win32
		{C31045CA-4801-4818-84FC-5B94A5497C41}.amd64|ARM64.Build.0 = Debug|Win32
		{C31045CA-4801-4818-84FC-5B94A5497C41}.amd64|x64.ActiveCfg = Debug|x64
		{C31045CA-4801-4818-84FC-5B94A5497C41}.amd64|x64.Build.0 = Debug|x64
		{C31045CA-4801-4818-84FC-5B94A5497C41}.amd64|x86.ActiveCfg = Debug|Win32
		{C31045CA-4801-4818-84FC-5B94A5497C41}.amd64|x86.Build.0 = Debug|Win32
		{C31045CA-4801-4818-84FC-5B94A5497C41}.Debug|Any CPU.ActiveCfg = Debug|Win32
		{C31045CA-4801-4818-84FC-5B94A5497C41}.Debug|ARM.ActiveCfg = Debug|Win32
		{C31045CA-4801-4818-84FC-5B94A5497C41}.Debug|ARM64.ActiveCfg = Debug|Win32
		{C31045CA-4801-4818-84FC-5B94A5497C41}.Debug|x64.ActiveCfg = Debug|x64
		{C31045CA-4801-4818-84FC-5B94A5497C41}.Debug|x64.Build.0 = Debug|x64
		{C31045CA-4801-4818-84FC-5B94A5497C41}.Debug|x86.ActiveCfg = Debug|Win32
		{C31045CA-4801-4818-84FC-5B94A5497C41}.Debug|x86.Build.0 = Debug|Win32
		{C31045CA-4801-4818-84FC-5B94A5497C41}.Release|Any CPU.ActiveCfg = Release|Win32
		{C31045CA-4801-4818-84FC-5B94A5497C41}.Release|ARM.ActiveCfg = Release|Win32
		{C31045CA-4801-4818-84FC-5B94A5497C41}.Release|ARM64.ActiveCfg = Release|Win32
		{C31045CA-4801-4818-84FC-5B94A5497C41}.Release|x64.ActiveCfg = Release|x64
		{C31045CA-4801-4818-84FC-5B94A5497C41}.Release|x64.Build.0 = Release|x64
		{C31045CA-4801-4818-84FC-5B94A5497C41}.Release|x86.ActiveCfg = Release|Win32
		{C31045CA-4801-4818-84FC-5B94A5497C41}.Release|x86.Build.0 = Release|Win32
		{C31045CA-4801-4818-84FC-5B94A5497C41}.x86|Any CPU.ActiveCfg = Release|x64
		{C31045CA-4801-4818-84FC-5B94A5497C41}.x86|Any CPU.Build.0 = Release|x64
		{C31045CA-4801-4818-84FC-5B94A5497C41}.x86|ARM.ActiveCfg = Debug|Win32
		{C31045CA-4801-4818-84FC-5B94A5497C41}.x86|ARM.Build.0 = Debug|Win32
		{C31045CA-4801-4818-84FC-5B94A5497C41}.x86|ARM64.ActiveCfg = Debug|Win32
		{C31045CA-4801-4818-84FC-5B94A5497C41}.x86|ARM64.Build.0 = Debug|Win32
		{C31045CA-4801-4818-84FC-5B94A5497C41}.x86|x64.ActiveCfg = Debug|x64
		{C31045CA-4801-4818-84FC-5B94A5497C41}.x86|x64.Build.0 = Debug|x64
		{C31045CA-4801-4818-84FC-5B94A5497C41}.x86|x86.ActiveCfg = Debug|Win32
		{C31045CA-4801-4818-84FC-5B94A5497C41}.x86|x86.Build.0 = Debug|Win32
		{A61F1FE8-039A-44BB-A034-FEAB8A19A629}.amd64|Any CPU.ActiveCfg = Release|x64
		{A61F1FE8-039A-44BB-A034-FEAB8A19A629}.amd64|Any CPU.Build.0 = Release|x64
		{A61F1FE8-039A-44BB-A034-FEAB8A19A629}.amd64|ARM.ActiveCfg = Debug|Win32
		{A61F1FE8-039A-44BB-A034-FEAB8A19A629}.amd64|ARM.Build.0 = Debug|Win32
		{A61F1FE8-039A-44BB-A034-FEAB8A19A629}.amd64|ARM64.ActiveCfg = Debug|Win32
		{A61F1FE8-039A-44BB-A034-FEAB8A19A629}.amd64|ARM64.Build.0 = Debug|Win32
		{A61F1FE8-039A-44BB-A034-FEAB8A19A629}.amd64|x64.ActiveCfg = Debug|x64
		{A61F1FE8-039A-44BB-A034-FEAB8A19A629}.amd64|x64.Build.0 = Debug|x64
		{A61F1FE8-039A-44BB-A034-FEAB8A19A629}.amd64|x86.ActiveCfg = Debug|Win32
		{A61F1FE8-039A-44BB-A034-FEAB8A19A629}.amd64|x86.Build.0 = Debug|Win32
		{A61F1FE8-039A-44BB-A034-FEAB8A19A629}.Debug|Any CPU.ActiveCfg = Debug|Win32
		{A61F1FE8-039A-44BB-A034-FEAB8A19A629}.Debug|ARM.ActiveCfg = Debug|Win32
		{A61F1FE8-039A-44BB-A034-FEAB8A19A629}.Debug|ARM64.ActiveCfg = Debug|Win32
		{A61F1FE8-039A-44BB-A034-FEAB8A19A629}.Debug|x64.ActiveCfg = Debug|x64
		{A61F1FE8-039A-44BB-A034-FEAB8A19A629}.Debug|x64.Build.0 = Debug|x64
		{A61F1FE8-039A-44BB-A034-FEAB8A19A629}.Debug|x86.ActiveCfg = Debug|Win32
		{A61F1FE8-039A-44BB-A034-FEAB8A19A629}.Debug|x86.Build.0 = Debug|Win32
		{A61F1FE8-039A-44BB-A034-FEAB8A19A629}.Release|Any CPU.ActiveCfg = Release|Win32
		{A61F1FE8-039A-44BB-A034-FEAB8A19A629}.Release|ARM.ActiveCfg = Release|Win32
		{A61F1FE8-039A-44BB-A034-FEAB8A19A629}.Release|ARM64.ActiveCfg = Release|Win32
		{A61F1FE8-039A-44BB-A034-FEAB8A19A629}.Release|x64.ActiveCfg = Release|x64
		{A61F1FE8-039A-44BB-A034-FEAB8A19A629}.Release|x64.Build.0 = Release|x64
		{A61F1FE8-039A-44BB-A034-FEAB8A19A629}.Release|x86.ActiveCfg = Release|Win32
		{A61F1FE8-039A-44BB-A034-FEAB8A19A629}.Release|x86.Build.0 = Release|Win32
		{A61F1FE8-039A-44BB-A034-FEAB8A19A629}.x86|Any CPU.ActiveCfg = Release|x64
		{A61F1FE8-039A-44BB-A034-FEAB8A19A629}.x86|Any CPU.Build.0 = Release|x64
		{A61F1FE8-039A-44BB-A034-FEAB8A19A629}.x86|ARM.ActiveCfg = Debug|Win32
		{A61F1FE8-039A-44BB-A034-FEAB8A19A629}.x86|ARM.Build.0 = Debug|Win32
		{A61F1FE8-039A-44BB-A034-FEAB8A19A629}.x86|ARM64.ActiveCfg = Debug|Win32
		{A61F1FE8-039A-44BB-A034-FEAB8A19A629}.x86|ARM64.Build.0 = Debug|Win32
		{A61F1FE8-039A-44BB-A034-FEAB8A19A629}.x86|x64.ActiveCfg = Debug|x64
		{A61F1FE8-039A-44BB-A034-FEAB8A19A629}.x86|x64.Build.0 = Debug|x64
		{A61F1FE8-039A-44BB-A034-FEAB8A19A629}.x86|x86.ActiveCfg = Debug|Win32
		{A61F1FE8-039A-44BB-A034-FEAB8A19A629}.x86|x86.Build.0 = Debug|Win32
		{CA140E39-BB9D-41C0-82EE-EBAA8D98161F}.amd64|Any CPU.ActiveCfg = Debug|Any CPU
		{CA140E39-BB9D-41C0-82EE-EBAA8D98161F}.amd64|Any CPU.Build.0 = Debug|Any CPU
		{CA140E39-BB9D-41C0-82EE-EBAA8D98161F}.amd64|ARM.ActiveCfg = Debug|Any CPU
		{CA140E39-BB9D-41C0-82EE-EBAA8D98161F}.amd64|ARM.Build.0 = Debug|Any CPU
		{CA140E39-BB9D-41C0-82EE-EBAA8D98161F}.amd64|ARM64.ActiveCfg = Debug|Any CPU
		{CA140E39-BB9D-41C0-82EE-EBAA8D98161F}.amd64|ARM64.Build.0 = Debug|Any CPU
		{CA140E39-BB9D-41C0-82EE-EBAA8D98161F}.amd64|x64.ActiveCfg = Debug|Any CPU
		{CA140E39-BB9D-41C0-82EE-EBAA8D98161F}.amd64|x64.Build.0 = Debug|Any CPU
		{CA140E39-BB9D-41C0-82EE-EBAA8D98161F}.amd64|x86.ActiveCfg = Debug|Any CPU
		{CA140E39-BB9D-41C0-82EE-EBAA8D98161F}.amd64|x86.Build.0 = Debug|Any CPU
		{CA140E39-BB9D-41C0-82EE-EBAA8D98161F}.Debug|Any CPU.ActiveCfg = Debug|Any CPU
		{CA140E39-BB9D-41C0-82EE-EBAA8D98161F}.Debug|Any CPU.Build.0 = Debug|Any CPU
		{CA140E39-BB9D-41C0-82EE-EBAA8D98161F}.Debug|ARM.ActiveCfg = Debug|Any CPU
		{CA140E39-BB9D-41C0-82EE-EBAA8D98161F}.Debug|ARM.Build.0 = Debug|Any CPU
		{CA140E39-BB9D-41C0-82EE-EBAA8D98161F}.Debug|ARM64.ActiveCfg = Debug|Any CPU
		{CA140E39-BB9D-41C0-82EE-EBAA8D98161F}.Debug|ARM64.Build.0 = Debug|Any CPU
		{CA140E39-BB9D-41C0-82EE-EBAA8D98161F}.Debug|x64.ActiveCfg = Debug|Any CPU
		{CA140E39-BB9D-41C0-82EE-EBAA8D98161F}.Debug|x64.Build.0 = Debug|Any CPU
		{CA140E39-BB9D-41C0-82EE-EBAA8D98161F}.Debug|x86.ActiveCfg = Debug|Any CPU
		{CA140E39-BB9D-41C0-82EE-EBAA8D98161F}.Debug|x86.Build.0 = Debug|Any CPU
		{CA140E39-BB9D-41C0-82EE-EBAA8D98161F}.Release|Any CPU.ActiveCfg = Release|Any CPU
		{CA140E39-BB9D-41C0-82EE-EBAA8D98161F}.Release|Any CPU.Build.0 = Release|Any CPU
		{CA140E39-BB9D-41C0-82EE-EBAA8D98161F}.Release|ARM.ActiveCfg = Release|Any CPU
		{CA140E39-BB9D-41C0-82EE-EBAA8D98161F}.Release|ARM.Build.0 = Release|Any CPU
		{CA140E39-BB9D-41C0-82EE-EBAA8D98161F}.Release|ARM64.ActiveCfg = Release|Any CPU
		{CA140E39-BB9D-41C0-82EE-EBAA8D98161F}.Release|ARM64.Build.0 = Release|Any CPU
		{CA140E39-BB9D-41C0-82EE-EBAA8D98161F}.Release|x64.ActiveCfg = Release|Any CPU
		{CA140E39-BB9D-41C0-82EE-EBAA8D98161F}.Release|x64.Build.0 = Release|Any CPU
		{CA140E39-BB9D-41C0-82EE-EBAA8D98161F}.Release|x86.ActiveCfg = Release|Any CPU
		{CA140E39-BB9D-41C0-82EE-EBAA8D98161F}.Release|x86.Build.0 = Release|Any CPU
		{CA140E39-BB9D-41C0-82EE-EBAA8D98161F}.x86|Any CPU.ActiveCfg = Debug|Any CPU
		{CA140E39-BB9D-41C0-82EE-EBAA8D98161F}.x86|Any CPU.Build.0 = Debug|Any CPU
		{CA140E39-BB9D-41C0-82EE-EBAA8D98161F}.x86|ARM.ActiveCfg = Debug|Any CPU
		{CA140E39-BB9D-41C0-82EE-EBAA8D98161F}.x86|ARM.Build.0 = Debug|Any CPU
		{CA140E39-BB9D-41C0-82EE-EBAA8D98161F}.x86|ARM64.ActiveCfg = Debug|Any CPU
		{CA140E39-BB9D-41C0-82EE-EBAA8D98161F}.x86|ARM64.Build.0 = Debug|Any CPU
		{CA140E39-BB9D-41C0-82EE-EBAA8D98161F}.x86|x64.ActiveCfg = Debug|Any CPU
		{CA140E39-BB9D-41C0-82EE-EBAA8D98161F}.x86|x64.Build.0 = Debug|Any CPU
		{CA140E39-BB9D-41C0-82EE-EBAA8D98161F}.x86|x86.ActiveCfg = Debug|Any CPU
		{CA140E39-BB9D-41C0-82EE-EBAA8D98161F}.x86|x86.Build.0 = Debug|Any CPU
	EndGlobalSection
	GlobalSection(SolutionProperties) = preSolution
		HideSolutionNode = FALSE
	EndGlobalSection
	GlobalSection(NestedProjects) = preSolution
		{F9C939D3-70CF-4592-80B5-38C699EE091D} = {0C952E0C-8D00-47DE-A7C9-F4C57FEF5C83}
		{C31045CA-4801-4818-84FC-5B94A5497C41} = {9C666615-B39C-4E98-BC48-7ADF9ECECDE4}
		{A61F1FE8-039A-44BB-A034-FEAB8A19A629} = {9C666615-B39C-4E98-BC48-7ADF9ECECDE4}
		{CA140E39-BB9D-41C0-82EE-EBAA8D98161F} = {9C666615-B39C-4E98-BC48-7ADF9ECECDE4}
	EndGlobalSection
	GlobalSection(ExtensibilityGlobals) = postSolution
		SolutionGuid = {EE96978B-B127-4E81-A0AC-42417543E15E}
	EndGlobalSection
EndGlobal
