<?xml version="1.0" encoding="utf-8"?>
<Project ToolsVersion="4.0" xmlns="http://schemas.microsoft.com/developer/msbuild/2003">
  <ItemGroup>
    <Filter Include="Source Files">
      <UniqueIdentifier>{4FC737F1-C7A5-4376-A066-2A32D752A2FF}</UniqueIdentifier>
      <Extensions>cpp;c;cc;cxx;def;odl;idl;hpj;bat;asm;asmx</Extensions>
    </Filter>
    <Filter Include="Header Files">
      <UniqueIdentifier>{93995380-89BD-4b04-88EB-625FBE52EBFB}</UniqueIdentifier>
      <Extensions>h;hpp;hxx;hm;inl;inc;xsd</Extensions>
    </Filter>
    <Filter Include="Resource Files">
      <UniqueIdentifier>{67DA6AB6-F800-4c08-8B7A-83BB121AAD01}</UniqueIdentifier>
      <Extensions>rc;ico;cur;bmp;dlg;rc2;rct;bin;rgs;gif;jpg;jpeg;jpe;resx;tiff;tif;png;wav;mfcribbon-ms</Extensions>
    </Filter>
    <Filter Include="Driver Files">
      <UniqueIdentifier>{8E41214B-6785-4CFE-B992-037D68949A14}</UniqueIdentifier>
      <Extensions>inf;inv;inx;mof;mc;</Extensions>
    </Filter>
    <Filter Include="Header Files\secure">
      <UniqueIdentifier>{f688f0d8-201c-4d1b-9f53-972e89bfa71a}</UniqueIdentifier>
    </Filter>
    <Filter Include="Source Files\Secure">
      <UniqueIdentifier>{fd5b51e3-95a2-4f85-807f-4b7e98c3eb17}</UniqueIdentifier>
    </Filter>
  </ItemGroup>
  <ItemGroup>
    <Inf Include="Poc.inf">
      <Filter>Driver Files</Filter>
    </Inf>
  </ItemGroup>
  <ItemGroup>
    <ClCompile Include="Poc.c">
      <Filter>Source Files</Filter>
    </ClCompile>
    <ClCompile Include="Utils.c">
      <Filter>Source Files</Filter>
    </ClCompile>
    <ClCompile Include="Context.c">
      <Filter>Source Files</Filter>
    </ClCompile>
    <ClCompile Include="FileFuncs.c">
      <Filter>Source Files</Filter>
    </ClCompile>
    <ClCompile Include="Cipher.c">
      <Filter>Source Files</Filter>
    </ClCompile>
    <ClCompile Include="FileObject.c">
      <Filter>Source Files</Filter>
    </ClCompile>
    <ClCompile Include="Read.c">
      <Filter>Source Files</Filter>
    </ClCompile>
    <ClCompile Include="Write.c">
      <Filter>Source Files</Filter>
    </ClCompile>
    <ClCompile Include="FileInfo.c">
      <Filter>Source Files</Filter>
    </ClCompile>
    <ClCompile Include="CommPort.c">
      <Filter>Source Files</Filter>
    </ClCompile>
    <ClCompile Include="Process.c">
      <Filter>Source Files</Filter>
    </ClCompile>
    <ClCompile Include="ProcesSecure.c">
      <Filter>Source Files\Secure</Filter>
    </ClCompile>
    <ClCompile Include="Ldrreloc.c">
      <Filter>Source Files\Secure</Filter>
    </ClCompile>
  </ItemGroup>
  <ItemGroup>
    <ClInclude Include="utils.h">
      <Filter>Header Files</Filter>
    </ClInclude>
    <ClInclude Include="global.h">
      <Filter>Header Files</Filter>
    </ClInclude>
    <ClInclude Include="context.h">
      <Filter>Header Files</Filter>
    </ClInclude>
    <ClInclude Include="filefuncs.h">
      <Filter>Header Files</Filter>
    </ClInclude>
    <ClInclude Include="cipher.h">
      <Filter>Header Files</Filter>
    </ClInclude>
    <ClInclude Include="fileobject.h">
      <Filter>Header Files</Filter>
    </ClInclude>
    <ClInclude Include="read.h">
      <Filter>Header Files</Filter>
    </ClInclude>
    <ClInclude Include="write.h">
      <Filter>Header Files</Filter>
    </ClInclude>
    <ClInclude Include="fileinfo.h">
      <Filter>Header Files</Filter>
    </ClInclude>
    <ClInclude Include="commport.h">
      <Filter>Header Files</Filter>
    </ClInclude>
    <ClInclude Include="process.h">
      <Filter>Header Files</Filter>
    </ClInclude>
    <ClInclude Include="import.h">
      <Filter>Header Files</Filter>
    </ClInclude>
    <ClInclude Include="processecure.h">
      <Filter>Header Files\secure</Filter>
    </ClInclude>
    <ClInclude Include="ldrreloc.h">
      <Filter>Header Files\secure</Filter>
    </ClInclude>
    <ClInclude Include="allowed_extension.h">
      <Filter>Header Files</Filter>
    </ClInclude>
    <ClInclude Include="secure_process.h">
      <Filter>Header Files</Filter>
    </ClInclude>
  </ItemGroup>
  <ItemGroup>
    <None Include="README.md">
      <Filter>Resource Files</Filter>
    </None>
  </ItemGroup>
</Project>